
Microsoft Visual Studio Solution File, Format Version 12.00
# Visual Studio Version 16
VisualStudioVersion = 16.0.31729.503
MinimumVisualStudioVersion = 10.0.40219.1
Project("{FAE04EC0-301F-11D3-BF4B-00C04F79EFBC}") = "NKSLK.API", "NKSLK.API\NKSLK.API.csproj", "{75A6D7AE-565C-455D-806B-A2682C4A37A5}"
EndProject
Global
	GlobalSection(SolutionConfigurationPlatforms) = preSolution
		Debug|Any CPU = Debug|Any CPU
		Release|Any CPU = Release|Any CPU
	EndGlobalSection
	GlobalSection(ProjectConfigurationPlatforms) = postSolution
		{75A6D7AE-565C-455D-806B-A2682C4A37A5}.Debug|Any CPU.ActiveCfg = Debug|Any CPU
		{75A6D7AE-565C-455D-806B-A2682C4A37A5}.Debug|Any CPU.Build.0 = Debug|Any CPU
		{75A6D7AE-565C-455D-806B-A2682C4A37A5}.Release|Any CPU.ActiveCfg = Release|Any CPU
		{75A6D7AE-565C-455D-806B-A2682C4A37A5}.Release|Any CPU.Build.0 = Release|Any CPU
	EndGlobalSection
	GlobalSection(SolutionProperties) = preSolution
		HideSolutionNode = FALSE
	EndGlobalSection
	GlobalSection(ExtensibilityGlobals) = postSolution
		SolutionGuid = {275D84F5-0474-4265-9DB4-CE09B4B8A732}
	EndGlobalSection
EndGlobal
